{
    "_readme": [
        "This file locks the dependencies of your project to a known state",
        "Read more about it at https://getcomposer.org/doc/01-basic-usage.md#composer-lock-the-lock-file",
        "This file is @generated automatically"
    ],
    "hash": "eeeabbf48a0ed664a91071f27d01ace4",
    "content-hash": "7a5c3ca98e0070de56882d2089bba4a4",
    "packages": [
        {
            "name": "kartenmacherei/rest-framework",
            "version": "1.0.0",
            "source": {
                "type": "git",
                "url": "https://github.com/kartenmacherei/rest-framework.git",
                "reference": "2d2f769b18abf9ca60437df095de1c1850efe2d3"
            },
            "dist": {
                "type": "zip",
                "url": "https://api.github.com/repos/kartenmacherei/rest-framework/zipball/2d2f769b18abf9ca60437df095de1c1850efe2d3",
                "reference": "2d2f769b18abf9ca60437df095de1c1850efe2d3",
                "shasum": ""
            },
            "require": {
                "php": ">=7.0.0"
            },
            "type": "library",
            "autoload": {
                "psr-4": {
                    "Kartenmacherei\\RestFramework\\": "src"
                }
            },
            "notification-url": "https://packagist.org/downloads/",
            "license": [
                "MIT"
            ],
            "authors": [
                {
                    "name": "Sebastian Heuer",
                    "email": "sebastian.heuer@kartenmacherei.de"
                },
                {
                    "name": "Lee Wilkins",
                    "email": "lee.wilkins@kartenmacherei.de"
                },
                {
                    "name": "Victor Sanchez",
                    "email": "victor.sanchez@kartenmacherei.de"
                }
            ],
            "description": "Micro framework for creating RESTful webservices",
            "homepage": "https://github.com/kartenmacherei/rest-framework",
            "keywords": [
                "framework",
                "kartenmacherei",
                "rest",
                "restful"
            ],
            "time": "2016-12-22 09:29:42"
        }
    ],
    "packages-dev": [],
    "aliases": [],
    "minimum-stability": "stable",
    "stability-flags": [],
    "prefer-stable": false,
    "prefer-lowest": false,
    "platform": [],
    "platform-dev": []
}
